{
  "nodes": {
    "flake-utils": {
      "locked": {
        "lastModified": 1659877975,
        "narHash": "sha256-zllb8aq3YO3h8B/U0/J1WBgAL8EX5yWf5pMj3G0NAmc=",
        "owner": "numtide",
        "repo": "flake-utils",
        "rev": "c0e246b9b83f637f4681389ecabcb2681b4f3af0",
        "type": "github"
      },
      "original": {
        "owner": "numtide",
        "repo": "flake-utils",
        "type": "github"
      }
    },
    "nix-filter": {
      "locked": {
        "lastModified": 1661201956,
        "narHash": "sha256-RizGJH/buaw9A2+fiBf9WnXYw4LZABB5kMAZIEE5/T8=",
        "owner": "numtide",
        "repo": "nix-filter",
        "rev": "3b821578685d661a10b563cba30b1861eec05748",
        "type": "github"
      },
      "original": {
        "owner": "numtide",
        "repo": "nix-filter",
        "type": "github"
      }
    },
    "nixpkgs": {
      "locked": {
        "lastModified": 1661720780,
        "narHash": "sha256-AJNGyaB2eKZAYaPNjBZOzap87yL+F9ZLaFzzMkvega0=",
        "owner": "nixos",
        "repo": "nixpkgs",
        "rev": "a63021a330d8d33d862a8e29924b42d73037dd37",
        "type": "github"
      },
      "original": {
        "owner": "nixos",
        "ref": "nixos-unstable",
        "repo": "nixpkgs",
        "type": "github"
      }
    },
    "ocaml-overlays": {
      "inputs": {
        "flake-utils": [
          "flake-utils"
        ],
        "nixpkgs": [
          "nixpkgs"
        ]
      },
      "locked": {
        "lastModified": 1661988202,
        "narHash": "sha256-aZb2ect9cKVrwafVo0AHNX0VECBofwpj1rW/sKK8pKE=",
        "owner": "anmonteiro",
        "repo": "nix-overlays",
        "rev": "0081a01960591e7415986eca055887ca76689799",
        "type": "github"
      },
      "original": {
        "owner": "anmonteiro",
        "repo": "nix-overlays",
        "rev": "0081a01960591e7415986eca055887ca76689799",
        "type": "github"
      }
    },
    "root": {
      "inputs": {
        "flake-utils": "flake-utils",
        "nix-filter": "nix-filter",
        "nixpkgs": "nixpkgs",
        "ocaml-overlays": "ocaml-overlays"
      }
    }
  },
  "root": "root",
  "version": 7
}
